dependencies:
- name: common
  repository: file://../../common
  version: 0.1.0
- name: configserver
  repository: file://../../micro-services/configserver
  version: 0.1.0
- name: driver
  repository: file://../../micro-services/driver
  version: 0.1.0
digest: sha256:07a3013eb01f41e79b084e6c0c1cc5fd12382e8daaba9efb18c56b3561fb8c95
generated: "2024-02-01T19:14:05.114841+09:00"
