dependencies:
- name: common
  repository: file://../../common
  version: 0.1.0
- name: terminal
  repository: file://../../micro-services/terminal
  version: 0.1.0
- name: configserver
  repository: file://../../micro-services/configserver
  version: 0.1.0
- name: eurekaserver
  repository: file://../../micro-services/eurekaserver
  version: 0.1.0
- name: user
  repository: file://../../micro-services/user
  version: 0.1.0
- name: gateway
  repository: file://../../micro-services/gateway
  version: 0.1.0
digest: sha256:d6bfa360ea1bb6443d091db8bfc95c8136166f87d94e9f0cc73d09474cec5eeb
generated: "2024-05-10T13:15:10.538779+09:00"
